
Microsoft Visual Studio Solution File, Format Version 12.00
# Visual Studio Version 17
VisualStudioVersion = 17.7.34031.279
MinimumVisualStudioVersion = 10.0.40219.1
Project("{FAE04EC0-301F-11D3-BF4B-00C04F79EFBC}") = "ApiAsehellmann", "ApiAsehellmann.csproj", "{27C6013D-B0E6-47EE-B9FA-C7B78969E79C}"
EndProject
Global
	GlobalSection(SolutionConfigurationPlatforms) = preSolution
		Debug|Any CPU = Debug|Any CPU
		Release|Any CPU = Release|Any CPU
	EndGlobalSection
	GlobalSection(ProjectConfigurationPlatforms) = postSolution
		{27C6013D-B0E6-47EE-B9FA-C7B78969E79C}.Debug|Any CPU.ActiveCfg = Debug|Any CPU
		{27C6013D-B0E6-47EE-B9FA-C7B78969E79C}.Debug|Any CPU.Build.0 = Debug|Any CPU
		{27C6013D-B0E6-47EE-B9FA-C7B78969E79C}.Release|Any CPU.ActiveCfg = Release|Any CPU
		{27C6013D-B0E6-47EE-B9FA-C7B78969E79C}.Release|Any CPU.Build.0 = Release|Any CPU
	EndGlobalSection
	GlobalSection(SolutionProperties) = preSolution
		HideSolutionNode = FALSE
	EndGlobalSection
	GlobalSection(ExtensibilityGlobals) = postSolution
		SolutionGuid = {4BAF8B8F-EF02-45F9-B716-97E41BBB174A}
	EndGlobalSection
EndGlobal
